{
  "version": 4,
  "terraform_version": "1.5.2",
  "serial": 1,
  "lineage": "934a4265-faa7-4614-461e-1635b4c5add6",
  "outputs": {},
  "resources": [
    {
      "mode": "managed",
      "type": "github_repository",
      "name": "example",
      "provider": "provider[\"registry.terraform.io/integrations/github\"]",
      "instances": [
        {
          "schema_version": 1,
          "attributes": {
            "allow_auto_merge": false,
            "allow_merge_commit": true,
            "allow_rebase_merge": true,
            "allow_squash_merge": true,
            "allow_update_branch": false,
            "archive_on_destroy": null,
            "archived": false,
            "auto_init": null,
            "default_branch": "main",
            "delete_branch_on_merge": false,
            "description": "create a repository by terraform",
            "etag": "W/\"08196c117b7a5bd874c37591f72eef69373afe141e9e369072577ad5613d4423\"",
            "full_name": "dpchoudhary2022/Terrform-GitHub-Demo",
            "git_clone_url": "git://github.com/dpchoudhary2022/Terrform-GitHub-Demo.git",
            "gitignore_template": null,
            "has_discussions": false,
            "has_downloads": false,
            "has_issues": false,
            "has_projects": false,
            "has_wiki": false,
            "homepage_url": "",
            "html_url": "https://github.com/dpchoudhary2022/Terrform-GitHub-Demo",
            "http_clone_url": "https://github.com/dpchoudhary2022/Terrform-GitHub-Demo.git",
            "id": "Terrform-GitHub-Demo",
            "ignore_vulnerability_alerts_during_read": null,
            "is_template": false,
            "license_template": null,
            "merge_commit_message": "PR_TITLE",
            "merge_commit_title": "MERGE_MESSAGE",
            "name": "Terrform-GitHub-Demo",
            "node_id": "R_kgDOJ6nKew",
            "pages": [],
            "private": false,
            "repo_id": 665438843,
            "security_and_analysis": [
              {
                "advanced_security": [],
                "secret_scanning": [
                  {
                    "status": "disabled"
                  }
                ],
                "secret_scanning_push_protection": [
                  {
                    "status": "disabled"
                  }
                ]
              }
            ],
            "squash_merge_commit_message": "COMMIT_MESSAGES",
            "squash_merge_commit_title": "COMMIT_OR_PR_TITLE",
            "ssh_clone_url": "git@github.com:dpchoudhary2022/Terrform-GitHub-Demo.git",
            "svn_url": "https://github.com/dpchoudhary2022/Terrform-GitHub-Demo",
            "template": [],
            "topics": null,
            "visibility": "public",
            "vulnerability_alerts": false
          },
          "sensitive_attributes": [],
          "private": "eyJzY2hlbWFfdmVyc2lvbiI6IjEifQ=="
        }
      ]
    }
  ],
  "check_results": null
}
